
Microsoft Visual Studio Solution File, Format Version 12.00
# Visual Studio 15
VisualStudioVersion = 15.0.26124.0
MinimumVisualStudioVersion = 15.0.26124.0
Project("{FAE04EC0-301F-11D3-BF4B-00C04F79EFBC}") = "Buds", "Buds\Buds.csproj", "{CEC10CE9-3AB5-4849-AC48-EB4DED9FFEC9}"
EndProject
Project("{FAE04EC0-301F-11D3-BF4B-00C04F79EFBC}") = "AssemblySerialization", "AssemblySerialization\AssemblySerialization.csproj", "{5D5C82A4-2EB8-40D6-8E4D-441725D32CC9}"
EndProject
Project("{FAE04EC0-301F-11D3-BF4B-00C04F79EFBC}") = "Buds.Test", "Buds.Test\Buds.Test.csproj", "{C39899E2-92C8-49AC-AAF6-69E85FE51C75}"
EndProject
Project("{FAE04EC0-301F-11D3-BF4B-00C04F79EFBC}") = "AssemblySerialization.Tests", "AssemblySerialization.Tests\AssemblySerialization.Tests.csproj", "{19E085F9-1452-4CBF-9EB3-24199BB5755B}"
EndProject
Project("{FAE04EC0-301F-11D3-BF4B-00C04F79EFBC}") = "Buds.Tests", "Buds.Tests\Buds.Tests.csproj", "{77F948B9-675A-40CA-8D27-673735913C64}"
EndProject
Project("{FAE04EC0-301F-11D3-BF4B-00C04F79EFBC}") = "Buds.Unspecified", "Buds.Unspecified\Buds.Unspecified.csproj", "{7ACA27BA-CE2B-44FA-9E53-AC8CDDB0977F}"
EndProject
Global
	GlobalSection(SolutionConfigurationPlatforms) = preSolution
		Debug|Any CPU = Debug|Any CPU
		Debug|x64 = Debug|x64
		Debug|x86 = Debug|x86
		Release|Any CPU = Release|Any CPU
		Release|x64 = Release|x64
		Release|x86 = Release|x86
	EndGlobalSection
	GlobalSection(SolutionProperties) = preSolution
		HideSolutionNode = FALSE
	EndGlobalSection
	GlobalSection(ProjectConfigurationPlatforms) = postSolution
		{CEC10CE9-3AB5-4849-AC48-EB4DED9FFEC9}.Debug|Any CPU.ActiveCfg = Debug|Any CPU
		{CEC10CE9-3AB5-4849-AC48-EB4DED9FFEC9}.Debug|Any CPU.Build.0 = Debug|Any CPU
		{CEC10CE9-3AB5-4849-AC48-EB4DED9FFEC9}.Debug|x64.ActiveCfg = Debug|Any CPU
		{CEC10CE9-3AB5-4849-AC48-EB4DED9FFEC9}.Debug|x64.Build.0 = Debug|Any CPU
		{CEC10CE9-3AB5-4849-AC48-EB4DED9FFEC9}.Debug|x86.ActiveCfg = Debug|Any CPU
		{CEC10CE9-3AB5-4849-AC48-EB4DED9FFEC9}.Debug|x86.Build.0 = Debug|Any CPU
		{CEC10CE9-3AB5-4849-AC48-EB4DED9FFEC9}.Release|Any CPU.ActiveCfg = Release|Any CPU
		{CEC10CE9-3AB5-4849-AC48-EB4DED9FFEC9}.Release|Any CPU.Build.0 = Release|Any CPU
		{CEC10CE9-3AB5-4849-AC48-EB4DED9FFEC9}.Release|x64.ActiveCfg = Release|Any CPU
		{CEC10CE9-3AB5-4849-AC48-EB4DED9FFEC9}.Release|x64.Build.0 = Release|Any CPU
		{CEC10CE9-3AB5-4849-AC48-EB4DED9FFEC9}.Release|x86.ActiveCfg = Release|Any CPU
		{CEC10CE9-3AB5-4849-AC48-EB4DED9FFEC9}.Release|x86.Build.0 = Release|Any CPU
		{5D5C82A4-2EB8-40D6-8E4D-441725D32CC9}.Debug|Any CPU.ActiveCfg = Debug|Any CPU
		{5D5C82A4-2EB8-40D6-8E4D-441725D32CC9}.Debug|Any CPU.Build.0 = Debug|Any CPU
		{5D5C82A4-2EB8-40D6-8E4D-441725D32CC9}.Debug|x64.ActiveCfg = Debug|Any CPU
		{5D5C82A4-2EB8-40D6-8E4D-441725D32CC9}.Debug|x64.Build.0 = Debug|Any CPU
		{5D5C82A4-2EB8-40D6-8E4D-441725D32CC9}.Debug|x86.ActiveCfg = Debug|Any CPU
		{5D5C82A4-2EB8-40D6-8E4D-441725D32CC9}.Debug|x86.Build.0 = Debug|Any CPU
		{5D5C82A4-2EB8-40D6-8E4D-441725D32CC9}.Release|Any CPU.ActiveCfg = Release|Any CPU
		{5D5C82A4-2EB8-40D6-8E4D-441725D32CC9}.Release|Any CPU.Build.0 = Release|Any CPU
		{5D5C82A4-2EB8-40D6-8E4D-441725D32CC9}.Release|x64.ActiveCfg = Release|Any CPU
		{5D5C82A4-2EB8-40D6-8E4D-441725D32CC9}.Release|x64.Build.0 = Release|Any CPU
		{5D5C82A4-2EB8-40D6-8E4D-441725D32CC9}.Release|x86.ActiveCfg = Release|Any CPU
		{5D5C82A4-2EB8-40D6-8E4D-441725D32CC9}.Release|x86.Build.0 = Release|Any CPU
		{C39899E2-92C8-49AC-AAF6-69E85FE51C75}.Debug|Any CPU.ActiveCfg = Debug|Any CPU
		{C39899E2-92C8-49AC-AAF6-69E85FE51C75}.Debug|Any CPU.Build.0 = Debug|Any CPU
		{C39899E2-92C8-49AC-AAF6-69E85FE51C75}.Debug|x64.ActiveCfg = Debug|Any CPU
		{C39899E2-92C8-49AC-AAF6-69E85FE51C75}.Debug|x64.Build.0 = Debug|Any CPU
		{C39899E2-92C8-49AC-AAF6-69E85FE51C75}.Debug|x86.ActiveCfg = Debug|Any CPU
		{C39899E2-92C8-49AC-AAF6-69E85FE51C75}.Debug|x86.Build.0 = Debug|Any CPU
		{C39899E2-92C8-49AC-AAF6-69E85FE51C75}.Release|Any CPU.ActiveCfg = Release|Any CPU
		{C39899E2-92C8-49AC-AAF6-69E85FE51C75}.Release|Any CPU.Build.0 = Release|Any CPU
		{C39899E2-92C8-49AC-AAF6-69E85FE51C75}.Release|x64.ActiveCfg = Release|Any CPU
		{C39899E2-92C8-49AC-AAF6-69E85FE51C75}.Release|x64.Build.0 = Release|Any CPU
		{C39899E2-92C8-49AC-AAF6-69E85FE51C75}.Release|x86.ActiveCfg = Release|Any CPU
		{C39899E2-92C8-49AC-AAF6-69E85FE51C75}.Release|x86.Build.0 = Release|Any CPU
		{19E085F9-1452-4CBF-9EB3-24199BB5755B}.Debug|Any CPU.ActiveCfg = Debug|Any CPU
		{19E085F9-1452-4CBF-9EB3-24199BB5755B}.Debug|Any CPU.Build.0 = Debug|Any CPU
		{19E085F9-1452-4CBF-9EB3-24199BB5755B}.Debug|x64.ActiveCfg = Debug|Any CPU
		{19E085F9-1452-4CBF-9EB3-24199BB5755B}.Debug|x64.Build.0 = Debug|Any CPU
		{19E085F9-1452-4CBF-9EB3-24199BB5755B}.Debug|x86.ActiveCfg = Debug|Any CPU
		{19E085F9-1452-4CBF-9EB3-24199BB5755B}.Debug|x86.Build.0 = Debug|Any CPU
		{19E085F9-1452-4CBF-9EB3-24199BB5755B}.Release|Any CPU.ActiveCfg = Release|Any CPU
		{19E085F9-1452-4CBF-9EB3-24199BB5755B}.Release|Any CPU.Build.0 = Release|Any CPU
		{19E085F9-1452-4CBF-9EB3-24199BB5755B}.Release|x64.ActiveCfg = Release|Any CPU
		{19E085F9-1452-4CBF-9EB3-24199BB5755B}.Release|x64.Build.0 = Release|Any CPU
		{19E085F9-1452-4CBF-9EB3-24199BB5755B}.Release|x86.ActiveCfg = Release|Any CPU
		{19E085F9-1452-4CBF-9EB3-24199BB5755B}.Release|x86.Build.0 = Release|Any CPU
		{77F948B9-675A-40CA-8D27-673735913C64}.Debug|Any CPU.ActiveCfg = Debug|Any CPU
		{77F948B9-675A-40CA-8D27-673735913C64}.Debug|Any CPU.Build.0 = Debug|Any CPU
		{77F948B9-675A-40CA-8D27-673735913C64}.Debug|x64.ActiveCfg = Debug|Any CPU
		{77F948B9-675A-40CA-8D27-673735913C64}.Debug|x64.Build.0 = Debug|Any CPU
		{77F948B9-675A-40CA-8D27-673735913C64}.Debug|x86.ActiveCfg = Debug|Any CPU
		{77F948B9-675A-40CA-8D27-673735913C64}.Debug|x86.Build.0 = Debug|Any CPU
		{77F948B9-675A-40CA-8D27-673735913C64}.Release|Any CPU.ActiveCfg = Release|Any CPU
		{77F948B9-675A-40CA-8D27-673735913C64}.Release|Any CPU.Build.0 = Release|Any CPU
		{77F948B9-675A-40CA-8D27-673735913C64}.Release|x64.ActiveCfg = Release|Any CPU
		{77F948B9-675A-40CA-8D27-673735913C64}.Release|x64.Build.0 = Release|Any CPU
		{77F948B9-675A-40CA-8D27-673735913C64}.Release|x86.ActiveCfg = Release|Any CPU
		{77F948B9-675A-40CA-8D27-673735913C64}.Release|x86.Build.0 = Release|Any CPU
		{7ACA27BA-CE2B-44FA-9E53-AC8CDDB0977F}.Debug|Any CPU.ActiveCfg = Debug|Any CPU
		{7ACA27BA-CE2B-44FA-9E53-AC8CDDB0977F}.Debug|Any CPU.Build.0 = Debug|Any CPU
		{7ACA27BA-CE2B-44FA-9E53-AC8CDDB0977F}.Debug|x64.ActiveCfg = Debug|Any CPU
		{7ACA27BA-CE2B-44FA-9E53-AC8CDDB0977F}.Debug|x64.Build.0 = Debug|Any CPU
		{7ACA27BA-CE2B-44FA-9E53-AC8CDDB0977F}.Debug|x86.ActiveCfg = Debug|Any CPU
		{7ACA27BA-CE2B-44FA-9E53-AC8CDDB0977F}.Debug|x86.Build.0 = Debug|Any CPU
		{7ACA27BA-CE2B-44FA-9E53-AC8CDDB0977F}.Release|Any CPU.ActiveCfg = Release|Any CPU
		{7ACA27BA-CE2B-44FA-9E53-AC8CDDB0977F}.Release|Any CPU.Build.0 = Release|Any CPU
		{7ACA27BA-CE2B-44FA-9E53-AC8CDDB0977F}.Release|x64.ActiveCfg = Release|Any CPU
		{7ACA27BA-CE2B-44FA-9E53-AC8CDDB0977F}.Release|x64.Build.0 = Release|Any CPU
		{7ACA27BA-CE2B-44FA-9E53-AC8CDDB0977F}.Release|x86.ActiveCfg = Release|Any CPU
		{7ACA27BA-CE2B-44FA-9E53-AC8CDDB0977F}.Release|x86.Build.0 = Release|Any CPU
	EndGlobalSection
EndGlobal
